
Microsoft Visual Studio Solution File, Format Version 12.00
# Visual Studio Version 17
VisualStudioVersion = 17.12.35514.174
MinimumVisualStudioVersion = 10.0.40219.1
Project("{2150E333-8FDC-42A3-9474-1A3956D46DE8}") = "src", "src", "{29B31F3B-F6CE-461C-BEBB-BABC01667C28}"
EndProject
Project("{2150E333-8FDC-42A3-9474-1A3956D46DE8}") = "tests", "tests", "{56A413AC-83EC-4C3C-AFF0-477A58555A85}"
EndProject
Project("{2150E333-8FDC-42A3-9474-1A3956D46DE8}") = "Domain", "Domain", "{A1798730-B463-4E33-9ECE-1043FDE54969}"
EndProject
Project("{2150E333-8FDC-42A3-9474-1A3956D46DE8}") = "API", "API", "{0566A1BA-D793-427D-B158-5F296BA71CA7}"
EndProject
Project("{FAE04EC0-301F-11D3-BF4B-00C04F79EFBC}") = "CalculadoraCDB.API", "API\CalculadoraCDB.API.csproj", "{76301A63-7BFB-47FD-8420-1F88E2DCC8A7}"
EndProject
Project("{FAE04EC0-301F-11D3-BF4B-00C04F79EFBC}") = "CalculadoraCDB.Domain", "Domain\CalculadoraCDB.Domain.csproj", "{8B13EAA8-B835-4B78-84BF-1BD43057D3BB}"
EndProject
Project("{2150E333-8FDC-42A3-9474-1A3956D46DE8}") = "Application", "Application", "{E9D994A1-FFEC-4DF7-8145-A3FF356FC04C}"
EndProject
Project("{FAE04EC0-301F-11D3-BF4B-00C04F79EFBC}") = "CalculadoraCDB.Application", "Application\CalculadoraCDB.Application\CalculadoraCDB.Application.csproj", "{F15BAB80-83B4-4DA2-9E80-1DF1256FF349}"
EndProject
Project("{FAE04EC0-301F-11D3-BF4B-00C04F79EFBC}") = "CalculadoraCDB.Tests", "tests\CalculadoraCDB.Tests\CalculadoraCDB.Tests.csproj", "{6E14D831-4620-4761-ABC2-609C9F1C7FAB}"
EndProject
Global
	GlobalSection(SolutionConfigurationPlatforms) = preSolution
		Debug|Any CPU = Debug|Any CPU
		Release|Any CPU = Release|Any CPU
	EndGlobalSection
	GlobalSection(ProjectConfigurationPlatforms) = postSolution
		{76301A63-7BFB-47FD-8420-1F88E2DCC8A7}.Debug|Any CPU.ActiveCfg = Debug|Any CPU
		{76301A63-7BFB-47FD-8420-1F88E2DCC8A7}.Debug|Any CPU.Build.0 = Debug|Any CPU
		{76301A63-7BFB-47FD-8420-1F88E2DCC8A7}.Release|Any CPU.ActiveCfg = Release|Any CPU
		{76301A63-7BFB-47FD-8420-1F88E2DCC8A7}.Release|Any CPU.Build.0 = Release|Any CPU
		{8B13EAA8-B835-4B78-84BF-1BD43057D3BB}.Debug|Any CPU.ActiveCfg = Debug|Any CPU
		{8B13EAA8-B835-4B78-84BF-1BD43057D3BB}.Debug|Any CPU.Build.0 = Debug|Any CPU
		{8B13EAA8-B835-4B78-84BF-1BD43057D3BB}.Release|Any CPU.ActiveCfg = Release|Any CPU
		{8B13EAA8-B835-4B78-84BF-1BD43057D3BB}.Release|Any CPU.Build.0 = Release|Any CPU
		{F15BAB80-83B4-4DA2-9E80-1DF1256FF349}.Debug|Any CPU.ActiveCfg = Debug|Any CPU
		{F15BAB80-83B4-4DA2-9E80-1DF1256FF349}.Debug|Any CPU.Build.0 = Debug|Any CPU
		{F15BAB80-83B4-4DA2-9E80-1DF1256FF349}.Release|Any CPU.ActiveCfg = Release|Any CPU
		{F15BAB80-83B4-4DA2-9E80-1DF1256FF349}.Release|Any CPU.Build.0 = Release|Any CPU
		{6E14D831-4620-4761-ABC2-609C9F1C7FAB}.Debug|Any CPU.ActiveCfg = Debug|Any CPU
		{6E14D831-4620-4761-ABC2-609C9F1C7FAB}.Debug|Any CPU.Build.0 = Debug|Any CPU
		{6E14D831-4620-4761-ABC2-609C9F1C7FAB}.Release|Any CPU.ActiveCfg = Release|Any CPU
		{6E14D831-4620-4761-ABC2-609C9F1C7FAB}.Release|Any CPU.Build.0 = Release|Any CPU
	EndGlobalSection
	GlobalSection(SolutionProperties) = preSolution
		HideSolutionNode = FALSE
	EndGlobalSection
	GlobalSection(NestedProjects) = preSolution
		{56A413AC-83EC-4C3C-AFF0-477A58555A85} = {29B31F3B-F6CE-461C-BEBB-BABC01667C28}
		{A1798730-B463-4E33-9ECE-1043FDE54969} = {29B31F3B-F6CE-461C-BEBB-BABC01667C28}
		{0566A1BA-D793-427D-B158-5F296BA71CA7} = {29B31F3B-F6CE-461C-BEBB-BABC01667C28}
		{76301A63-7BFB-47FD-8420-1F88E2DCC8A7} = {0566A1BA-D793-427D-B158-5F296BA71CA7}
		{8B13EAA8-B835-4B78-84BF-1BD43057D3BB} = {A1798730-B463-4E33-9ECE-1043FDE54969}
		{E9D994A1-FFEC-4DF7-8145-A3FF356FC04C} = {29B31F3B-F6CE-461C-BEBB-BABC01667C28}
		{F15BAB80-83B4-4DA2-9E80-1DF1256FF349} = {E9D994A1-FFEC-4DF7-8145-A3FF356FC04C}
		{6E14D831-4620-4761-ABC2-609C9F1C7FAB} = {56A413AC-83EC-4C3C-AFF0-477A58555A85}
	EndGlobalSection
EndGlobal
